
Microsoft Visual Studio Solution File, Format Version 12.00
# Visual Studio Version 17
VisualStudioVersion = 17.6.33723.286
MinimumVisualStudioVersion = 10.0.40219.1
Project("{FAE04EC0-301F-11D3-BF4B-00C04F79EFBC}") = "SkinHunt.Service", "SkinHuntApp\SkinHunt.Service.csproj", "{5B3C30A8-6058-47C6-87DD-882A1AF9D6A6}"
EndProject
Project("{FAE04EC0-301F-11D3-BF4B-00C04F79EFBC}") = "SkinHunt.Application", "SkinHunt.Application\SkinHunt.Application.csproj", "{CCEBC3B5-94B3-4CAB-9A49-411ED45829C0}"
EndProject
Project("{FAE04EC0-301F-11D3-BF4B-00C04F79EFBC}") = "SkinHunt.Domain", "SkinHunt.Domain\SkinHunt.Domain.csproj", "{8EAC5394-DF15-4295-B5E2-CB76A1F7FE90}"
EndProject
Project("{FAE04EC0-301F-11D3-BF4B-00C04F79EFBC}") = "SkinHunt.Infrastructure", "SkinHunt.Infrastructure\SkinHunt.Infrastructure.csproj", "{8FCFBF36-CEA0-4FC9-8163-78F79BD7D326}"
EndProject
Global
	GlobalSection(SolutionConfigurationPlatforms) = preSolution
		Debug|Any CPU = Debug|Any CPU
		Release|Any CPU = Release|Any CPU
	EndGlobalSection
	GlobalSection(ProjectConfigurationPlatforms) = postSolution
		{5B3C30A8-6058-47C6-87DD-882A1AF9D6A6}.Debug|Any CPU.ActiveCfg = Debug|Any CPU
		{5B3C30A8-6058-47C6-87DD-882A1AF9D6A6}.Debug|Any CPU.Build.0 = Debug|Any CPU
		{5B3C30A8-6058-47C6-87DD-882A1AF9D6A6}.Release|Any CPU.ActiveCfg = Release|Any CPU
		{5B3C30A8-6058-47C6-87DD-882A1AF9D6A6}.Release|Any CPU.Build.0 = Release|Any CPU
		{CCEBC3B5-94B3-4CAB-9A49-411ED45829C0}.Debug|Any CPU.ActiveCfg = Debug|Any CPU
		{CCEBC3B5-94B3-4CAB-9A49-411ED45829C0}.Debug|Any CPU.Build.0 = Debug|Any CPU
		{CCEBC3B5-94B3-4CAB-9A49-411ED45829C0}.Release|Any CPU.ActiveCfg = Release|Any CPU
		{CCEBC3B5-94B3-4CAB-9A49-411ED45829C0}.Release|Any CPU.Build.0 = Release|Any CPU
		{8EAC5394-DF15-4295-B5E2-CB76A1F7FE90}.Debug|Any CPU.ActiveCfg = Debug|Any CPU
		{8EAC5394-DF15-4295-B5E2-CB76A1F7FE90}.Debug|Any CPU.Build.0 = Debug|Any CPU
		{8EAC5394-DF15-4295-B5E2-CB76A1F7FE90}.Release|Any CPU.ActiveCfg = Release|Any CPU
		{8EAC5394-DF15-4295-B5E2-CB76A1F7FE90}.Release|Any CPU.Build.0 = Release|Any CPU
		{8FCFBF36-CEA0-4FC9-8163-78F79BD7D326}.Debug|Any CPU.ActiveCfg = Debug|Any CPU
		{8FCFBF36-CEA0-4FC9-8163-78F79BD7D326}.Debug|Any CPU.Build.0 = Debug|Any CPU
		{8FCFBF36-CEA0-4FC9-8163-78F79BD7D326}.Release|Any CPU.ActiveCfg = Release|Any CPU
		{8FCFBF36-CEA0-4FC9-8163-78F79BD7D326}.Release|Any CPU.Build.0 = Release|Any CPU
	EndGlobalSection
	GlobalSection(SolutionProperties) = preSolution
		HideSolutionNode = FALSE
	EndGlobalSection
	GlobalSection(ExtensibilityGlobals) = postSolution
		SolutionGuid = {36EAABFC-D705-4BD0-983C-A782C655E3B9}
	EndGlobalSection
EndGlobal
